lockfileVersion: '9.0'

settings:
  autoInstallPeers: true
  excludeLinksFromLockfile: false

importers:

  .:
    devDependencies:
      prettier:
        specifier: ^3.8.1
        version: 3.8.1
      prettier-plugin-slidev:
        specifier: ^1.0.5
        version: 1.0.5(prettier@3.8.1)

packages:

  '@slidev/parser@0.47.5':
    resolution: {integrity: sha512-KvqOEhIFuMDu8CjAsehMNKlAnnmAn2TRHiEymc3CMadid05oWa5zgTxqEyMxUl2rjWpYs3A1yDiendZsGYs3HA==}
    engines: {node: '>=18.0.0'}

  '@slidev/types@0.47.5':
    resolution: {integrity: sha512-X67V4cCgM0Sz50bP8GbVzmiL8DHC2IXvdKcsN7DlxHyf+/T4d9GveeGukwha5Fx3MuYeGZWKag7TFL2ZY4w54A==}
    engines: {node: '>=18.0.0'}

  argparse@2.0.1:
    resolution: {integrity: sha512-8+9WqebbFzpX9OR+Wa6O29asIogeRMzcGtAINdpMHHyAg10f05aSFVBbcEqGf/PXw1EjAZ+q2/bEBg3DvurK3Q==}

  js-yaml@4.1.1:
    resolution: {integrity: sha512-qQKT4zQxXl8lLwBtHMWwaTcGfFOZviOJet3Oy/xmGk2gZH677CJM9EvtfdSkgWcATZhj/55JZ0rmy3myCT5lsA==}
    hasBin: true

  prettier-plugin-slidev@1.0.5:
    resolution: {integrity: sha512-1xaKzOAX17QAcn1roUgQIAfeio3HPYYefCgzxh6Bzk+5rJJxq0I8HUhLrUyv9nCpIP6e9CDv/yDQSdEeqqRUuA==}
    peerDependencies:
      prettier: ^3.2.4

  prettier@3.8.1:
    resolution: {integrity: sha512-UOnG6LftzbdaHZcKoPFtOcCKztrQ57WkHDeRD9t/PTQtmT0NHSeWWepj6pS0z/N7+08BHFDQVUrfmfMRcZwbMg==}
    engines: {node: '>=14'}
    hasBin: true

snapshots:

  '@slidev/parser@0.47.5':
    dependencies:
      '@slidev/types': 0.47.5
      js-yaml: 4.1.1

  '@slidev/types@0.47.5': {}

  argparse@2.0.1: {}

  js-yaml@4.1.1:
    dependencies:
      argparse: 2.0.1

  prettier-plugin-slidev@1.0.5(prettier@3.8.1):
    dependencies:
      '@slidev/parser': 0.47.5
      prettier: 3.8.1

  prettier@3.8.1: {}
